
Microsoft Visual Studio Solution File, Format Version 12.00
# Visual Studio Version 16
VisualStudioVersion = 16.0.30711.63
MinimumVisualStudioVersion = 10.0.40219.1
Project("{FAE04EC0-301F-11D3-BF4B-00C04F79EFBC}") = "Intence", "Intence\Intence.csproj", "{3C6B2B39-2919-4EF8-8560-4E222E5C95D3}"
EndProject
Global
	GlobalSection(SolutionConfigurationPlatforms) = preSolution
		Debug|Any CPU = Debug|Any CPU
		Release|Any CPU = Release|Any CPU
	EndGlobalSection
	GlobalSection(ProjectConfigurationPlatforms) = postSolution
		{3C6B2B39-2919-4EF8-8560-4E222E5C95D3}.Debug|Any CPU.ActiveCfg = Debug|Any CPU
		{3C6B2B39-2919-4EF8-8560-4E222E5C95D3}.Debug|Any CPU.Build.0 = Debug|Any CPU
		{3C6B2B39-2919-4EF8-8560-4E222E5C95D3}.Release|Any CPU.ActiveCfg = Release|Any CPU
		{3C6B2B39-2919-4EF8-8560-4E222E5C95D3}.Release|Any CPU.Build.0 = Release|Any CPU
	EndGlobalSection
	GlobalSection(SolutionProperties) = preSolution
		HideSolutionNode = FALSE
	EndGlobalSection
	GlobalSection(ExtensibilityGlobals) = postSolution
		SolutionGuid = {9763FA05-1317-44FE-8CF1-D8E7BC4E8C01}
	EndGlobalSection
EndGlobal
